
Microsoft Visual Studio Solution File, Format Version 12.00
# Visual Studio Version 16
VisualStudioVersion = 16.0.29201.188
MinimumVisualStudioVersion = 10.0.40219.1
Project("{FAE04EC0-301F-11D3-BF4B-00C04F79EFBC}") = "com3d2.facecontrol.plugin", "com3d2.facecontrol.plugin\com3d2.facecontrol.plugin.csproj", "{63CA1FE0-1F06-425B-91C3-F2B95B6283F4}"
EndProject
Global
	GlobalSection(SolutionConfigurationPlatforms) = preSolution
		Debug|Any CPU = Debug|Any CPU
		Release|Any CPU = Release|Any CPU
	EndGlobalSection
	GlobalSection(ProjectConfigurationPlatforms) = postSolution
		{63CA1FE0-1F06-425B-91C3-F2B95B6283F4}.Debug|Any CPU.ActiveCfg = Debug|Any CPU
		{63CA1FE0-1F06-425B-91C3-F2B95B6283F4}.Debug|Any CPU.Build.0 = Debug|Any CPU
		{63CA1FE0-1F06-425B-91C3-F2B95B6283F4}.Release|Any CPU.ActiveCfg = Release|Any CPU
		{63CA1FE0-1F06-425B-91C3-F2B95B6283F4}.Release|Any CPU.Build.0 = Release|Any CPU
	EndGlobalSection
	GlobalSection(SolutionProperties) = preSolution
		HideSolutionNode = FALSE
	EndGlobalSection
	GlobalSection(ExtensibilityGlobals) = postSolution
		SolutionGuid = {1F29167E-9291-40D3-89B4-9208B3DB3B08}
	EndGlobalSection
EndGlobal
